
Microsoft Visual Studio Solution File, Format Version 12.00
# Visual Studio Version 17
VisualStudioVersion = 17.5.33516.290
MinimumVisualStudioVersion = 10.0.40219.1
Project("{FAE04EC0-301F-11D3-BF4B-00C04F79EFBC}") = "SnakeAndLadder", "SnakeAndLadder\SnakeAndLadder.csproj", "{1969EBB1-273B-4C65-A038-FB35B2611C44}"
EndProject
Global
	GlobalSection(SolutionConfigurationPlatforms) = preSolution
		Debug|Any CPU = Debug|Any CPU
		Release|Any CPU = Release|Any CPU
	EndGlobalSection
	GlobalSection(ProjectConfigurationPlatforms) = postSolution
		{1969EBB1-273B-4C65-A038-FB35B2611C44}.Debug|Any CPU.ActiveCfg = Debug|Any CPU
		{1969EBB1-273B-4C65-A038-FB35B2611C44}.Debug|Any CPU.Build.0 = Debug|Any CPU
		{1969EBB1-273B-4C65-A038-FB35B2611C44}.Release|Any CPU.ActiveCfg = Release|Any CPU
		{1969EBB1-273B-4C65-A038-FB35B2611C44}.Release|Any CPU.Build.0 = Release|Any CPU
	EndGlobalSection
	GlobalSection(SolutionProperties) = preSolution
		HideSolutionNode = FALSE
	EndGlobalSection
	GlobalSection(ExtensibilityGlobals) = postSolution
		SolutionGuid = {8DF35A82-B8E4-497D-A1BC-A9704A82F4F5}
	EndGlobalSection
EndGlobal
